
Microsoft Visual Studio Solution File, Format Version 12.00
# Visual Studio Version 17
VisualStudioVersion = 17.14.36414.22
MinimumVisualStudioVersion = 10.0.40219.1
Project("{2150E333-8FDC-42A3-9474-1A3956D46DE8}") = "Infras", "Infras", "{ADC0EE24-4EE8-4755-9B4F-604FFDF6D3B7}"
EndProject
Project("{2150E333-8FDC-42A3-9474-1A3956D46DE8}") = "Shared", "Shared", "{2E4E1F97-B1A2-4DD9-AACB-7F8C74AB1380}"
EndProject
Project("{2150E333-8FDC-42A3-9474-1A3956D46DE8}") = "UnitTest", "UnitTest", "{922527BD-86BD-4A52-8792-8FF9B936D0E2}"
EndProject
Project("{FAE04EC0-301F-11D3-BF4B-00C04F79EFBC}") = "ECommerce.WebAPI", "ECommerce.WebApi\ECommerce.WebAPI.csproj", "{B4562DF1-FF4B-4F72-BEE8-25198AB1AD3E}"
EndProject
Project("{FAE04EC0-301F-11D3-BF4B-00C04F79EFBC}") = "ECommerce.WorkerWebApp", "ECommerce.WorkerWebApp\ECommerce.WorkerWebApp.csproj", "{6144788E-9DDA-486C-87EE-B4A24502B12E}"
EndProject
Project("{FAE04EC0-301F-11D3-BF4B-00C04F79EFBC}") = "ECommerce.Core.SharedLibs", "ECommerce.Core.SharedLibs\ECommerce.Core.SharedLibs.csproj", "{1E5DF7D3-A722-4D9A-96C0-BF61496D1707}"
EndProject
Project("{FAE04EC0-301F-11D3-BF4B-00C04F79EFBC}") = "ECommerce.Infrastructure.Security.Core", "ECommerce.Infrastructure.Security.Core\ECommerce.Infrastructure.Security.Core.csproj", "{8B1F77FB-928F-4E32-9917-CB89FE9CC0B7}"
EndProject
Project("{FAE04EC0-301F-11D3-BF4B-00C04F79EFBC}") = "ECommerce.Infrastructure.Security", "ECommerce.Infrastructure.Security\ECommerce.Infrastructure.Security.csproj", "{B2950FBF-C3B1-42CA-AB76-77B64870444A}"
EndProject
Project("{FAE04EC0-301F-11D3-BF4B-00C04F79EFBC}") = "ECommerce.Tests", "ECommerce.Tests\ECommerce.Tests.csproj", "{37AF5E7B-E6C2-4C87-8ED1-B70D6E110699}"
EndProject
Project("{FAE04EC0-301F-11D3-BF4B-00C04F79EFBC}") = "ECommerce.Infrastructure.Persistence", "ECommerce.Infrastructure.Persistence\ECommerce.Infrastructure.Persistence.csproj", "{83C9FFBF-86A6-4A98-A4D4-72201708ED07}"
EndProject
Project("{FAE04EC0-301F-11D3-BF4B-00C04F79EFBC}") = "ECommerce.Infrastructure.Redis", "ECommerce.Infrastructure.Redis\ECommerce.Infrastructure.Redis.csproj", "{D83DBF5A-0563-4460-AEAD-C598C2D65EE0}"
EndProject
Project("{FAE04EC0-301F-11D3-BF4B-00C04F79EFBC}") = "ECommerce.Infrastructure.RabbitMq", "ECommerce.Infrastructure.RabbitMq\ECommerce.Infrastructure.RabbitMq.csproj", "{9E4A0D0D-0707-41FE-897D-43BBE0A04F2E}"
EndProject
Project("{FAE04EC0-301F-11D3-BF4B-00C04F79EFBC}") = "ECommerce.Infrastructure.Kafka", "ECommerce.Infrastructure.Kafka\ECommerce.Infrastructure.Kafka.csproj", "{50346ECB-EC5A-44B6-AFFA-2927E4882FF7}"
EndProject
Project("{FAE04EC0-301F-11D3-BF4B-00C04F79EFBC}") = "ECommerce.Infrastructure.Payment", "ECommerce.Infrastructure.Payment\ECommerce.Infrastructure.Payment.csproj", "{9523EC62-9A63-43A0-A81B-16BF809F0F7F}"
EndProject
Project("{FAE04EC0-301F-11D3-BF4B-00C04F79EFBC}") = "ECommerce.Infrastructure.Observability", "ECommerce.Infrastructure.Observability\ECommerce.Infrastructure.Observability.csproj", "{4AFE7D8C-FA39-4DD2-9B4D-DF2EDA89B4F1}"
EndProject
Project("{FAE04EC0-301F-11D3-BF4B-00C04F79EFBC}") = "ECommerce.Infrastructure.BackgroundJobs", "ECommerce.Infrastructure.BackgroundJobs\ECommerce.Infrastructure.BackgroundJobs.csproj", "{CF4C0160-8F14-4372-9960-AD2DC4F739CD}"
EndProject
Project("{FAE04EC0-301F-11D3-BF4B-00C04F79EFBC}") = "ECommerce.Domain.Core", "ECommerce.Domain.Core\ECommerce.Domain.Core.csproj", "{3D03082D-6530-4349-BAB7-E9DD0B24D2A1}"
EndProject
Project("{FAE04EC0-301F-11D3-BF4B-00C04F79EFBC}") = "ECommerce.Domain.Data", "ECommerce.Domain.Data\ECommerce.Domain.Data.csproj", "{96EDC332-D3CA-4F1B-94C8-C3FA6DF7C797}"
EndProject
Project("{FAE04EC0-301F-11D3-BF4B-00C04F79EFBC}") = "ECommerce.Domain.Service", "ECommerce.Domain.Service\ECommerce.Domain.Service.csproj", "{AF70C550-5D92-3CE5-1348-1F9F14726379}"
EndProject
Project("{FAE04EC0-301F-11D3-BF4B-00C04F79EFBC}") = "ECommerce.Infrastructure.Storage", "ECommerce.Infrastructure.Storage\ECommerce.Infrastructure.Storage.csproj", "{7423F1D9-6FD8-46A7-A190-A8CE097DBF91}"
EndProject
Global
	GlobalSection(SolutionConfigurationPlatforms) = preSolution
		Debug|Any CPU = Debug|Any CPU
		Release|Any CPU = Release|Any CPU
	EndGlobalSection
	GlobalSection(ProjectConfigurationPlatforms) = postSolution
		{B4562DF1-FF4B-4F72-BEE8-25198AB1AD3E}.Debug|Any CPU.ActiveCfg = Debug|Any CPU
		{B4562DF1-FF4B-4F72-BEE8-25198AB1AD3E}.Debug|Any CPU.Build.0 = Debug|Any CPU
		{B4562DF1-FF4B-4F72-BEE8-25198AB1AD3E}.Release|Any CPU.ActiveCfg = Release|Any CPU
		{B4562DF1-FF4B-4F72-BEE8-25198AB1AD3E}.Release|Any CPU.Build.0 = Release|Any CPU
		{6144788E-9DDA-486C-87EE-B4A24502B12E}.Debug|Any CPU.ActiveCfg = Debug|Any CPU
		{6144788E-9DDA-486C-87EE-B4A24502B12E}.Debug|Any CPU.Build.0 = Debug|Any CPU
		{6144788E-9DDA-486C-87EE-B4A24502B12E}.Release|Any CPU.ActiveCfg = Release|Any CPU
		{6144788E-9DDA-486C-87EE-B4A24502B12E}.Release|Any CPU.Build.0 = Release|Any CPU
		{1E5DF7D3-A722-4D9A-96C0-BF61496D1707}.Debug|Any CPU.ActiveCfg = Debug|Any CPU
		{1E5DF7D3-A722-4D9A-96C0-BF61496D1707}.Debug|Any CPU.Build.0 = Debug|Any CPU
		{1E5DF7D3-A722-4D9A-96C0-BF61496D1707}.Release|Any CPU.ActiveCfg = Release|Any CPU
		{1E5DF7D3-A722-4D9A-96C0-BF61496D1707}.Release|Any CPU.Build.0 = Release|Any CPU
		{8B1F77FB-928F-4E32-9917-CB89FE9CC0B7}.Debug|Any CPU.ActiveCfg = Debug|Any CPU
		{8B1F77FB-928F-4E32-9917-CB89FE9CC0B7}.Debug|Any CPU.Build.0 = Debug|Any CPU
		{8B1F77FB-928F-4E32-9917-CB89FE9CC0B7}.Release|Any CPU.ActiveCfg = Release|Any CPU
		{8B1F77FB-928F-4E32-9917-CB89FE9CC0B7}.Release|Any CPU.Build.0 = Release|Any CPU
		{B2950FBF-C3B1-42CA-AB76-77B64870444A}.Debug|Any CPU.ActiveCfg = Debug|Any CPU
		{B2950FBF-C3B1-42CA-AB76-77B64870444A}.Debug|Any CPU.Build.0 = Debug|Any CPU
		{B2950FBF-C3B1-42CA-AB76-77B64870444A}.Release|Any CPU.ActiveCfg = Release|Any CPU
		{B2950FBF-C3B1-42CA-AB76-77B64870444A}.Release|Any CPU.Build.0 = Release|Any CPU
		{37AF5E7B-E6C2-4C87-8ED1-B70D6E110699}.Debug|Any CPU.ActiveCfg = Debug|Any CPU
		{37AF5E7B-E6C2-4C87-8ED1-B70D6E110699}.Debug|Any CPU.Build.0 = Debug|Any CPU
		{37AF5E7B-E6C2-4C87-8ED1-B70D6E110699}.Release|Any CPU.ActiveCfg = Release|Any CPU
		{37AF5E7B-E6C2-4C87-8ED1-B70D6E110699}.Release|Any CPU.Build.0 = Release|Any CPU
		{83C9FFBF-86A6-4A98-A4D4-72201708ED07}.Debug|Any CPU.ActiveCfg = Debug|Any CPU
		{83C9FFBF-86A6-4A98-A4D4-72201708ED07}.Debug|Any CPU.Build.0 = Debug|Any CPU
		{83C9FFBF-86A6-4A98-A4D4-72201708ED07}.Release|Any CPU.ActiveCfg = Release|Any CPU
		{83C9FFBF-86A6-4A98-A4D4-72201708ED07}.Release|Any CPU.Build.0 = Release|Any CPU
		{D83DBF5A-0563-4460-AEAD-C598C2D65EE0}.Debug|Any CPU.ActiveCfg = Debug|Any CPU
		{D83DBF5A-0563-4460-AEAD-C598C2D65EE0}.Debug|Any CPU.Build.0 = Debug|Any CPU
		{D83DBF5A-0563-4460-AEAD-C598C2D65EE0}.Release|Any CPU.ActiveCfg = Release|Any CPU
		{D83DBF5A-0563-4460-AEAD-C598C2D65EE0}.Release|Any CPU.Build.0 = Release|Any CPU
		{9E4A0D0D-0707-41FE-897D-43BBE0A04F2E}.Debug|Any CPU.ActiveCfg = Debug|Any CPU
		{9E4A0D0D-0707-41FE-897D-43BBE0A04F2E}.Debug|Any CPU.Build.0 = Debug|Any CPU
		{9E4A0D0D-0707-41FE-897D-43BBE0A04F2E}.Release|Any CPU.ActiveCfg = Release|Any CPU
		{9E4A0D0D-0707-41FE-897D-43BBE0A04F2E}.Release|Any CPU.Build.0 = Release|Any CPU
		{50346ECB-EC5A-44B6-AFFA-2927E4882FF7}.Debug|Any CPU.ActiveCfg = Debug|Any CPU
		{50346ECB-EC5A-44B6-AFFA-2927E4882FF7}.Debug|Any CPU.Build.0 = Debug|Any CPU
		{50346ECB-EC5A-44B6-AFFA-2927E4882FF7}.Release|Any CPU.ActiveCfg = Release|Any CPU
		{50346ECB-EC5A-44B6-AFFA-2927E4882FF7}.Release|Any CPU.Build.0 = Release|Any CPU
		{9523EC62-9A63-43A0-A81B-16BF809F0F7F}.Debug|Any CPU.ActiveCfg = Debug|Any CPU
		{9523EC62-9A63-43A0-A81B-16BF809F0F7F}.Debug|Any CPU.Build.0 = Debug|Any CPU
		{9523EC62-9A63-43A0-A81B-16BF809F0F7F}.Release|Any CPU.ActiveCfg = Release|Any CPU
		{9523EC62-9A63-43A0-A81B-16BF809F0F7F}.Release|Any CPU.Build.0 = Release|Any CPU
		{4AFE7D8C-FA39-4DD2-9B4D-DF2EDA89B4F1}.Debug|Any CPU.ActiveCfg = Debug|Any CPU
		{4AFE7D8C-FA39-4DD2-9B4D-DF2EDA89B4F1}.Debug|Any CPU.Build.0 = Debug|Any CPU
		{4AFE7D8C-FA39-4DD2-9B4D-DF2EDA89B4F1}.Release|Any CPU.ActiveCfg = Release|Any CPU
		{4AFE7D8C-FA39-4DD2-9B4D-DF2EDA89B4F1}.Release|Any CPU.Build.0 = Release|Any CPU
		{CF4C0160-8F14-4372-9960-AD2DC4F739CD}.Debug|Any CPU.ActiveCfg = Debug|Any CPU
		{CF4C0160-8F14-4372-9960-AD2DC4F739CD}.Debug|Any CPU.Build.0 = Debug|Any CPU
		{CF4C0160-8F14-4372-9960-AD2DC4F739CD}.Release|Any CPU.ActiveCfg = Release|Any CPU
		{CF4C0160-8F14-4372-9960-AD2DC4F739CD}.Release|Any CPU.Build.0 = Release|Any CPU
		{3D03082D-6530-4349-BAB7-E9DD0B24D2A1}.Debug|Any CPU.ActiveCfg = Debug|Any CPU
		{3D03082D-6530-4349-BAB7-E9DD0B24D2A1}.Debug|Any CPU.Build.0 = Debug|Any CPU
		{3D03082D-6530-4349-BAB7-E9DD0B24D2A1}.Release|Any CPU.ActiveCfg = Release|Any CPU
		{3D03082D-6530-4349-BAB7-E9DD0B24D2A1}.Release|Any CPU.Build.0 = Release|Any CPU
		{96EDC332-D3CA-4F1B-94C8-C3FA6DF7C797}.Debug|Any CPU.ActiveCfg = Debug|Any CPU
		{96EDC332-D3CA-4F1B-94C8-C3FA6DF7C797}.Debug|Any CPU.Build.0 = Debug|Any CPU
		{96EDC332-D3CA-4F1B-94C8-C3FA6DF7C797}.Release|Any CPU.ActiveCfg = Release|Any CPU
		{96EDC332-D3CA-4F1B-94C8-C3FA6DF7C797}.Release|Any CPU.Build.0 = Release|Any CPU
		{AF70C550-5D92-3CE5-1348-1F9F14726379}.Debug|Any CPU.ActiveCfg = Debug|Any CPU
		{AF70C550-5D92-3CE5-1348-1F9F14726379}.Debug|Any CPU.Build.0 = Debug|Any CPU
		{AF70C550-5D92-3CE5-1348-1F9F14726379}.Release|Any CPU.ActiveCfg = Release|Any CPU
		{AF70C550-5D92-3CE5-1348-1F9F14726379}.Release|Any CPU.Build.0 = Release|Any CPU
		{7423F1D9-6FD8-46A7-A190-A8CE097DBF91}.Debug|Any CPU.ActiveCfg = Debug|Any CPU
		{7423F1D9-6FD8-46A7-A190-A8CE097DBF91}.Debug|Any CPU.Build.0 = Debug|Any CPU
		{7423F1D9-6FD8-46A7-A190-A8CE097DBF91}.Release|Any CPU.ActiveCfg = Release|Any CPU
		{7423F1D9-6FD8-46A7-A190-A8CE097DBF91}.Release|Any CPU.Build.0 = Release|Any CPU
	EndGlobalSection
	GlobalSection(SolutionProperties) = preSolution
		HideSolutionNode = FALSE
	EndGlobalSection
	GlobalSection(NestedProjects) = preSolution
		{1E5DF7D3-A722-4D9A-96C0-BF61496D1707} = {2E4E1F97-B1A2-4DD9-AACB-7F8C74AB1380}
		{8B1F77FB-928F-4E32-9917-CB89FE9CC0B7} = {ADC0EE24-4EE8-4755-9B4F-604FFDF6D3B7}
		{B2950FBF-C3B1-42CA-AB76-77B64870444A} = {ADC0EE24-4EE8-4755-9B4F-604FFDF6D3B7}
		{37AF5E7B-E6C2-4C87-8ED1-B70D6E110699} = {922527BD-86BD-4A52-8792-8FF9B936D0E2}
	EndGlobalSection
	GlobalSection(ExtensibilityGlobals) = postSolution
		SolutionGuid = {E90E85C6-DE66-49EA-8A3A-B498E383631E}
	EndGlobalSection
EndGlobal
